// !$*UTF8*$!
{
	archiveVersion = 1;
	classes = {
	};
	objectVersion = 55;
	objects = {

/* Begin PBXBuildFile section */
		E02B7574280865690017B5C2 /* AppDelegate.swift in Sources */ = {isa = PBXBuildFile; fileRef = E02B7573280865690017B5C2 /* AppDelegate.swift */; };
		E02B7576280865690017B5C2 /* SceneDelegate.swift in Sources */ = {isa = PBXBuildFile; fileRef = E02B7575280865690017B5C2 /* SceneDelegate.swift */; };
		E02B7578280865690017B5C2 /* ViewController.swift in Sources */ = {isa = PBXBuildFile; fileRef = E02B7577280865690017B5C2 /* ViewController.swift */; };
		E02B757B280865690017B5C2 /* Main.storyboard in Resources */ = {isa = PBXBuildFile; fileRef = E02B7579280865690017B5C2 /* Main.storyboard */; };
		E02B757D2808656B0017B5C2 /* Assets.xcassets in Resources */ = {isa = PBXBuildFile; fileRef = E02B757C2808656B0017B5C2 /* Assets.xcassets */; };
		E02B75802808656B0017B5C2 /* LaunchScreen.storyboard in Resources */ = {isa = PBXBuildFile; fileRef = E02B757E2808656B0017B5C2 /* LaunchScreen.storyboard */; };
		E02B758B2808656B0017B5C2 /* NavigationBar_______Tests.swift in Sources */ = {isa = PBXBuildFile; fileRef = E02B758A2808656B0017B5C2 /* NavigationBar_______Tests.swift */; };
		E02B75952808656B0017B5C2 /* NavigationBar_______UITests.swift in Sources */ = {isa = PBXBuildFile; fileRef = E02B75942808656B0017B5C2 /* NavigationBar_______UITests.swift */; };
		E02B75972808656B0017B5C2 /* NavigationBar_______UITestsLaunchTests.swift in Sources */ = {isa = PBXBuildFile; fileRef = E02B75962808656B0017B5C2 /* NavigationBar_______UITestsLaunchTests.swift */; };
/* End PBXBuildFile section */

/* Begin PBXContainerItemProxy section */
		E02B75872808656B0017B5C2 /* PBXContainerItemProxy */ = {
			isa = PBXContainerItemProxy;
			containerPortal = E02B7568280865690017B5C2 /* Project object */;
			proxyType = 1;
			remoteGlobalIDString = E02B756F280865690017B5C2;
			remoteInfo = "NavigationBar 실습";
		};
		E02B75912808656B0017B5C2 /* PBXContainerItemProxy */ = {
			isa = PBXContainerItemProxy;
			containerPortal = E02B7568280865690017B5C2 /* Project object */;
			proxyType = 1;
			remoteGlobalIDString = E02B756F280865690017B5C2;
			remoteInfo = "NavigationBar 실습";
		};
/* End PBXContainerItemProxy section */

/* Begin PBXFileReference section */
		E02B7570280865690017B5C2 /* NavigationBar 실습.app */ = {isa = PBXFileReference; explicitFileType = wrapper.application; includeInIndex = 0; path = "NavigationBar 실습.app"; sourceTree = BUILT_PRODUCTS_DIR; };
		E02B7573280865690017B5C2 /* AppDelegate.swift */ = {isa = PBXFileReference; lastKnownFileType = sourcecode.swift; path = AppDelegate.swift; sourceTree = "<group>"; };
		E02B7575280865690017B5C2 /* SceneDelegate.swift */ = {isa = PBXFileReference; lastKnownFileType = sourcecode.swift; path = SceneDelegate.swift; sourceTree = "<group>"; };
		E02B7577280865690017B5C2 /* ViewController.swift */ = {isa = PBXFileReference; lastKnownFileType = sourcecode.swift; path = ViewController.swift; sourceTree = "<group>"; };
		E02B757A280865690017B5C2 /* Base */ = {isa = PBXFileReference; lastKnownFileType = file.storyboard; name = Base; path = Base.lproj/Main.storyboard; sourceTree = "<group>"; };
		E02B757C2808656B0017B5C2 /* Assets.xcassets */ = {isa = PBXFileReference; lastKnownFileType = folder.assetcatalog; path = Assets.xcassets; sourceTree = "<group>"; };
		E02B757F2808656B0017B5C2 /* Base */ = {isa = PBXFileReference; lastKnownFileType = file.storyboard; name = Base; path = Base.lproj/LaunchScreen.storyboard; sourceTree = "<group>"; };
		E02B75812808656B0017B5C2 /* Info.plist */ = {isa = PBXFileReference; lastKnownFileType = text.plist.xml; path = Info.plist; sourceTree = "<group>"; };
		E02B75862808656B0017B5C2 /* NavigationBar 실습Tests.xctest */ = {isa = PBXFileReference; explicitFileType = wrapper.cfbundle; includeInIndex = 0; path = "NavigationBar 실습Tests.xctest"; sourceTree = BUILT_PRODUCTS_DIR; };
		E02B758A2808656B0017B5C2 /* NavigationBar_______Tests.swift */ = {isa = PBXFileReference; lastKnownFileType = sourcecode.swift; path = "NavigationBar_______Tests.swift"; sourceTree = "<group>"; };
		E02B75902808656B0017B5C2 /* NavigationBar 실습UITests.xctest */ = {isa = PBXFileReference; explicitFileType = wrapper.cfbundle; includeInIndex = 0; path = "NavigationBar 실습UITests.xctest"; sourceTree = BUILT_PRODUCTS_DIR; };
		E02B75942808656B0017B5C2 /* NavigationBar_______UITests.swift */ = {isa = PBXFileReference; lastKnownFileType = sourcecode.swift; path = "NavigationBar_______UITests.swift"; sourceTree = "<group>"; };
		E02B75962808656B0017B5C2 /* NavigationBar_______UITestsLaunchTests.swift */ = {isa = PBXFileReference; lastKnownFileType = sourcecode.swift; path = "NavigationBar_______UITestsLaunchTests.swift"; sourceTree = "<group>"; };
/* End PBXFileReference section */

/* Begin PBXFrameworksBuildPhase section */
		E02B756D280865690017B5C2 /* Frameworks */ = {
			isa = PBXFrameworksBuildPhase;
			buildActionMask = 2147483647;
			files = (
			);
			runOnlyForDeploymentPostprocessing = 0;
		};
		E02B75832808656B0017B5C2 /* Frameworks */ = {
			isa = PBXFrameworksBuildPhase;
			buildActionMask = 2147483647;
			files = (
			);
			runOnlyForDeploymentPostprocessing = 0;
		};
		E02B758D2808656B0017B5C2 /* Frameworks */ = {
			isa = PBXFrameworksBuildPhase;
			buildActionMask = 2147483647;
			files = (
			);
			runOnlyForDeploymentPostprocessing = 0;
		};
/* End PBXFrameworksBuildPhase section */

/* Begin PBXGroup section */
		E02B7567280865690017B5C2 = {
			isa = PBXGroup;
			children = (
				E02B7572280865690017B5C2 /* NavigationBar 실습 */,
				E02B75892808656B0017B5C2 /* NavigationBar 실습Tests */,
				E02B75932808656B0017B5C2 /* NavigationBar 실습UITests */,
				E02B7571280865690017B5C2 /* Products */,
			);
			sourceTree = "<group>";
		};
		E02B7571280865690017B5C2 /* Products */ = {
			isa = PBXGroup;
			children = (
				E02B7570280865690017B5C2 /* NavigationBar 실습.app */,
				E02B75862808656B0017B5C2 /* NavigationBar 실습Tests.xctest */,
				E02B75902808656B0017B5C2 /* NavigationBar 실습UITests.xctest */,
			);
			name = Products;
			sourceTree = "<group>";
		};
		E02B7572280865690017B5C2 /* NavigationBar 실습 */ = {
			isa = PBXGroup;
			children = (
				E02B7573280865690017B5C2 /* AppDelegate.swift */,
				E02B7575280865690017B5C2 /* SceneDelegate.swift */,
				E02B7577280865690017B5C2 /* ViewController.swift */,
				E02B7579280865690017B5C2 /* Main.storyboard */,
				E02B757C2808656B0017B5C2 /* Assets.xcassets */,
				E02B757E2808656B0017B5C2 /* LaunchScreen.storyboard */,
				E02B75812808656B0017B5C2 /* Info.plist */,
			);
			path = "NavigationBar 실습";
			sourceTree = "<group>";
		};
		E02B75892808656B0017B5C2 /* NavigationBar 실습Tests */ = {
			isa = PBXGroup;
			children = (
				E02B758A2808656B0017B5C2 /* NavigationBar_______Tests.swift */,
			);
			path = "NavigationBar 실습Tests";
			sourceTree = "<group>";
		};
		E02B75932808656B0017B5C2 /* NavigationBar 실습UITests */ = {
			isa = PBXGroup;
			children = (
				E02B75942808656B0017B5C2 /* NavigationBar_______UITests.swift */,
				E02B75962808656B0017B5C2 /* NavigationBar_______UITestsLaunchTests.swift */,
			);
			path = "NavigationBar 실습UITests";
			sourceTree = "<group>";
		};
/* End PBXGroup section */

/* Begin PBXNativeTarget section */
		E02B756F280865690017B5C2 /* NavigationBar 실습 */ = {
			isa = PBXNativeTarget;
			buildConfigurationList = E02B759A2808656B0017B5C2 /* Build configuration list for PBXNativeTarget "NavigationBar 실습" */;
			buildPhases = (
				E02B756C280865690017B5C2 /* Sources */,
				E02B756D280865690017B5C2 /* Frameworks */,
				E02B756E280865690017B5C2 /* Resources */,
			);
			buildRules = (
			);
			dependencies = (
			);
			name = "NavigationBar 실습";
			productName = "NavigationBar 실습";
			productReference = E02B7570280865690017B5C2 /* NavigationBar 실습.app */;
			productType = "com.apple.product-type.application";
		};
		E02B75852808656B0017B5C2 /* NavigationBar 실습Tests */ = {
			isa = PBXNativeTarget;
			buildConfigurationList = E02B759D2808656B0017B5C2 /* Build configuration list for PBXNativeTarget "NavigationBar 실습Tests" */;
			buildPhases = (
				E02B75822808656B0017B5C2 /* Sources */,
				E02B75832808656B0017B5C2 /* Frameworks */,
				E02B75842808656B0017B5C2 /* Resources */,
			);
			buildRules = (
			);
			dependencies = (
				E02B75882808656B0017B5C2 /* PBXTargetDependency */,
			);
			name = "NavigationBar 실습Tests";
			productName = "NavigationBar 실습Tests";
			productReference = E02B75862808656B0017B5C2 /* NavigationBar 실습Tests.xctest */;
			productType = "com.apple.product-type.bundle.unit-test";
		};
		E02B758F2808656B0017B5C2 /* NavigationBar 실습UITests */ = {
			isa = PBXNativeTarget;
			buildConfigurationList = E02B75A02808656B0017B5C2 /* Build configuration list for PBXNativeTarget "NavigationBar 실습UITests" */;
			buildPhases = (
				E02B758C2808656B0017B5C2 /* Sources */,
				E02B758D2808656B0017B5C2 /* Frameworks */,
				E02B758E2808656B0017B5C2 /* Resources */,
			);
			buildRules = (
			);
			dependencies = (
				E02B75922808656B0017B5C2 /* PBXTargetDependency */,
			);
			name = "NavigationBar 실습UITests";
			productName = "NavigationBar 실습UITests";
			productReference = E02B75902808656B0017B5C2 /* NavigationBar 실습UITests.xctest */;
			productType = "com.apple.product-type.bundle.ui-testing";
		};
/* End PBXNativeTarget section */

/* Begin PBXProject section */
		E02B7568280865690017B5C2 /* Project object */ = {
			isa = PBXProject;
			attributes = {
				BuildIndependentTargetsInParallel = 1;
				LastSwiftUpdateCheck = 1320;
				LastUpgradeCheck = 1320;
				TargetAttributes = {
					E02B756F280865690017B5C2 = {
						CreatedOnToolsVersion = 13.2.1;
					};
					E02B75852808656B0017B5C2 = {
						CreatedOnToolsVersion = 13.2.1;
						TestTargetID = E02B756F280865690017B5C2;
					};
					E02B758F2808656B0017B5C2 = {
						CreatedOnToolsVersion = 13.2.1;
						TestTargetID = E02B756F280865690017B5C2;
					};
				};
			};
			buildConfigurationList = E02B756B280865690017B5C2 /* Build configuration list for PBXProject "NavigationBar 실습" */;
			compatibilityVersion = "Xcode 13.0";
			developmentRegion = en;
			hasScannedForEncodings = 0;
			knownRegions = (
				en,
				Base,
			);
			mainGroup = E02B7567280865690017B5C2;
			productRefGroup = E02B7571280865690017B5C2 /* Products */;
			projectDirPath = "";
			projectRoot = "";
			targets = (
				E02B756F280865690017B5C2 /* NavigationBar 실습 */,
				E02B75852808656B0017B5C2 /* NavigationBar 실습Tests */,
				E02B758F2808656B0017B5C2 /* NavigationBar 실습UITests */,
			);
		};
/* End PBXProject section */

/* Begin PBXResourcesBuildPhase section */
		E02B756E280865690017B5C2 /* Resources */ = {
			isa = PBXResourcesBuildPhase;
			buildActionMask = 2147483647;
			files = (
				E02B75802808656B0017B5C2 /* LaunchScreen.storyboard in Resources */,
				E02B757D2808656B0017B5C2 /* Assets.xcassets in Resources */,
				E02B757B280865690017B5C2 /* Main.storyboard in Resources */,
			);
			runOnlyForDeploymentPostprocessing = 0;
		};
		E02B75842808656B0017B5C2 /* Resources */ = {
			isa = PBXResourcesBuildPhase;
			buildActionMask = 2147483647;
			files = (
			);
			runOnlyForDeploymentPostprocessing = 0;
		};
		E02B758E2808656B0017B5C2 /* Resources */ = {
			isa = PBXResourcesBuildPhase;
			buildActionMask = 2147483647;
			files = (
			);
			runOnlyForDeploymentPostprocessing = 0;
		};
/* End PBXResourcesBuildPhase section */

/* Begin PBXSourcesBuildPhase section */
		E02B756C280865690017B5C2 /* Sources */ = {
			isa = PBXSourcesBuildPhase;
			buildActionMask = 2147483647;
			files = (
				E02B7578280865690017B5C2 /* ViewController.swift in Sources */,
				E02B7574280865690017B5C2 /* AppDelegate.swift in Sources */,
				E02B7576280865690017B5C2 /* SceneDelegate.swift in Sources */,
			);
			runOnlyForDeploymentPostprocessing = 0;
		};
		E02B75822808656B0017B5C2 /* Sources */ = {
			isa = PBXSourcesBuildPhase;
			buildActionMask = 2147483647;
			files = (
				E02B758B2808656B0017B5C2 /* NavigationBar_______Tests.swift in Sources */,
			);
			runOnlyForDeploymentPostprocessing = 0;
		};
		E02B758C2808656B0017B5C2 /* Sources */ = {
			isa = PBXSourcesBuildPhase;
			buildActionMask = 2147483647;
			files = (
				E02B75972808656B0017B5C2 /* NavigationBar_______UITestsLaunchTests.swift in Sources */,
				E02B75952808656B0017B5C2 /* NavigationBar_______UITests.swift in Sources */,
			);
			runOnlyForDeploymentPostprocessing = 0;
		};
/* End PBXSourcesBuildPhase section */

/* Begin PBXTargetDependency section */
		E02B75882808656B0017B5C2 /* PBXTargetDependency */ = {
			isa = PBXTargetDependency;
			target = E02B756F280865690017B5C2 /* NavigationBar 실습 */;
			targetProxy = E02B75872808656B0017B5C2 /* PBXContainerItemProxy */;
		};
		E02B75922808656B0017B5C2 /* PBXTargetDependency */ = {
			isa = PBXTargetDependency;
			target = E02B756F280865690017B5C2 /* NavigationBar 실습 */;
			targetProxy = E02B75912808656B0017B5C2 /* PBXContainerItemProxy */;
		};
/* End PBXTargetDependency section */

/* Begin PBXVariantGroup section */
		E02B7579280865690017B5C2 /* Main.storyboard */ = {
			isa = PBXVariantGroup;
			children = (
				E02B757A280865690017B5C2 /* Base */,
			);
			name = Main.storyboard;
			sourceTree = "<group>";
		};
		E02B757E2808656B0017B5C2 /* LaunchScreen.storyboard */ = {
			isa = PBXVariantGroup;
			children = (
				E02B757F2808656B0017B5C2 /* Base */,
			);
			name = LaunchScreen.storyboard;
			sourceTree = "<group>";
		};
/* End PBXVariantGroup section */

/* Begin XCBuildConfiguration section */
		E02B75982808656B0017B5C2 /* Debug */ = {
			isa = XCBuildConfiguration;
			buildSettings = {
				ALWAYS_SEARCH_USER_PATHS = NO;
				CLANG_ANALYZER_NONNULL = YES;
				CLANG_ANALYZER_NUMBER_OBJECT_CONVERSION = YES_AGGRESSIVE;
				CLANG_CXX_LANGUAGE_STANDARD = "gnu++17";
				CLANG_CXX_LIBRARY = "libc++";
				CLANG_ENABLE_MODULES = YES;
				CLANG_ENABLE_OBJC_ARC = YES;
				CLANG_ENABLE_OBJC_WEAK = YES;
				CLANG_WARN_BLOCK_CAPTURE_AUTORELEASING = YES;
				CLANG_WARN_BOOL_CONVERSION = YES;
				CLANG_WARN_COMMA = YES;
				CLANG_WARN_CONSTANT_CONVERSION = YES;
				CLANG_WARN_DEPRECATED_OBJC_IMPLEMENTATIONS = YES;
				CLANG_WARN_DIRECT_OBJC_ISA_USAGE = YES_ERROR;
				CLANG_WARN_DOCUMENTATION_COMMENTS = YES;
				CLANG_WARN_EMPTY_BODY = YES;
				CLANG_WARN_ENUM_CONVERSION = YES;
				CLANG_WARN_INFINITE_RECURSION = YES;
				CLANG_WARN_INT_CONVERSION = YES;
				CLANG_WARN_NON_LITERAL_NULL_CONVERSION = YES;
				CLANG_WARN_OBJC_IMPLICIT_RETAIN_SELF = YES;
				CLANG_WARN_OBJC_LITERAL_CONVERSION = YES;
				CLANG_WARN_OBJC_ROOT_CLASS = YES_ERROR;
				CLANG_WARN_QUOTED_INCLUDE_IN_FRAMEWORK_HEADER = YES;
				CLANG_WARN_RANGE_LOOP_ANALYSIS = YES;
				CLANG_WARN_STRICT_PROTOTYPES = YES;
				CLANG_WARN_SUSPICIOUS_MOVE = YES;
				CLANG_WARN_UNGUARDED_AVAILABILITY = YES_AGGRESSIVE;
				CLANG_WARN_UNREACHABLE_CODE = YES;
				CLANG_WARN__DUPLICATE_METHOD_MATCH = YES;
				COPY_PHASE_STRIP = NO;
				DEBUG_INFORMATION_FORMAT = dwarf;
				ENABLE_STRICT_OBJC_MSGSEND = YES;
				ENABLE_TESTABILITY = YES;
				GCC_C_LANGUAGE_STANDARD = gnu11;
				GCC_DYNAMIC_NO_PIC = NO;
				GCC_NO_COMMON_BLOCKS = YES;
				GCC_OPTIMIZATION_LEVEL = 0;
				GCC_PREPROCESSOR_DEFINITIONS = (
					"DEBUG=1",
					"$(inherited)",
				);
				GCC_WARN_64_TO_32_BIT_CONVERSION = YES;
				GCC_WARN_ABOUT_RETURN_TYPE = YES_ERROR;
				GCC_WARN_UNDECLARED_SELECTOR = YES;
				GCC_WARN_UNINITIALIZED_AUTOS = YES_AGGRESSIVE;
				GCC_WARN_UNUSED_FUNCTION = YES;
				GCC_WARN_UNUSED_VARIABLE = YES;
				IPHONEOS_DEPLOYMENT_TARGET = 15.2;
				MTL_ENABLE_DEBUG_INFO = INCLUDE_SOURCE;
				MTL_FAST_MATH = YES;
				ONLY_ACTIVE_ARCH = YES;
				SDKROOT = iphoneos;
				SWIFT_ACTIVE_COMPILATION_CONDITIONS = DEBUG;
				SWIFT_OPTIMIZATION_LEVEL = "-Onone";
			};
			name = Debug;
		};
		E02B75992808656B0017B5C2 /* Release */ = {
			isa = XCBuildConfiguration;
			buildSettings = {
				ALWAYS_SEARCH_USER_PATHS = NO;
				CLANG_ANALYZER_NONNULL = YES;
				CLANG_ANALYZER_NUMBER_OBJECT_CONVERSION = YES_AGGRESSIVE;
				CLANG_CXX_LANGUAGE_STANDARD = "gnu++17";
				CLANG_CXX_LIBRARY = "libc++";
				CLANG_ENABLE_MODULES = YES;
				CLANG_ENABLE_OBJC_ARC = YES;
				CLANG_ENABLE_OBJC_WEAK = YES;
				CLANG_WARN_BLOCK_CAPTURE_AUTORELEASING = YES;
				CLANG_WARN_BOOL_CONVERSION = YES;
				CLANG_WARN_COMMA = YES;
				CLANG_WARN_CONSTANT_CONVERSION = YES;
				CLANG_WARN_DEPRECATED_OBJC_IMPLEMENTATIONS = YES;
				CLANG_WARN_DIRECT_OBJC_ISA_USAGE = YES_ERROR;
				CLANG_WARN_DOCUMENTATION_COMMENTS = YES;
				CLANG_WARN_EMPTY_BODY = YES;
				CLANG_WARN_ENUM_CONVERSION = YES;
				CLANG_WARN_INFINITE_RECURSION = YES;
				CLANG_WARN_INT_CONVERSION = YES;
				CLANG_WARN_NON_LITERAL_NULL_CONVERSION = YES;
				CLANG_WARN_OBJC_IMPLICIT_RETAIN_SELF = YES;
				CLANG_WARN_OBJC_LITERAL_CONVERSION = YES;
				CLANG_WARN_OBJC_ROOT_CLASS = YES_ERROR;
				CLANG_WARN_QUOTED_INCLUDE_IN_FRAMEWORK_HEADER = YES;
				CLANG_WARN_RANGE_LOOP_ANALYSIS = YES;
				CLANG_WARN_STRICT_PROTOTYPES = YES;
				CLANG_WARN_SUSPICIOUS_MOVE = YES;
				CLANG_WARN_UNGUARDED_AVAILABILITY = YES_AGGRESSIVE;
				CLANG_WARN_UNREACHABLE_CODE = YES;
				CLANG_WARN__DUPLICATE_METHOD_MATCH = YES;
				COPY_PHASE_STRIP = NO;
				DEBUG_INFORMATION_FORMAT = "dwarf-with-dsym";
				ENABLE_NS_ASSERTIONS = NO;
				ENABLE_STRICT_OBJC_MSGSEND = YES;
				GCC_C_LANGUAGE_STANDARD = gnu11;
				GCC_NO_COMMON_BLOCKS = YES;
				GCC_WARN_64_TO_32_BIT_CONVERSION = YES;
				GCC_WARN_ABOUT_RETURN_TYPE = YES_ERROR;
				GCC_WARN_UNDECLARED_SELECTOR = YES;
				GCC_WARN_UNINITIALIZED_AUTOS = YES_AGGRESSIVE;
				GCC_WARN_UNUSED_FUNCTION = YES;
				GCC_WARN_UNUSED_VARIABLE = YES;
				IPHONEOS_DEPLOYMENT_TARGET = 15.2;
				MTL_ENABLE_DEBUG_INFO = NO;
				MTL_FAST_MATH = YES;
				SDKROOT = iphoneos;
				SWIFT_COMPILATION_MODE = wholemodule;
				SWIFT_OPTIMIZATION_LEVEL = "-O";
				VALIDATE_PRODUCT = YES;
			};
			name = Release;
		};
		E02B759B2808656B0017B5C2 /* Debug */ = {
			isa = XCBuildConfiguration;
			buildSettings = {
				ASSETCATALOG_COMPILER_APPICON_NAME = AppIcon;
				ASSETCATALOG_COMPILER_GLOBAL_ACCENT_COLOR_NAME = AccentColor;
				CODE_SIGN_STYLE = Automatic;
				CURRENT_PROJECT_VERSION = 1;
				GENERATE_INFOPLIST_FILE = YES;
				INFOPLIST_FILE = "NavigationBar 실습/Info.plist";
				INFOPLIST_KEY_UIApplicationSupportsIndirectInputEvents = YES;
				INFOPLIST_KEY_UILaunchStoryboardName = LaunchScreen;
				INFOPLIST_KEY_UIMainStoryboardFile = Main;
				INFOPLIST_KEY_UISupportedInterfaceOrientations_iPad = "UIInterfaceOrientationPortrait UIInterfaceOrientationPortraitUpsideDown UIInterfaceOrientationLandscapeLeft UIInterfaceOrientationLandscapeRight";
				INFOPLIST_KEY_UISupportedInterfaceOrientations_iPhone = "UIInterfaceOrientationPortrait UIInterfaceOrientationLandscapeLeft UIInterfaceOrientationLandscapeRight";
				LD_RUNPATH_SEARCH_PATHS = (
					"$(inherited)",
					"@executable_path/Frameworks",
				);
				MARKETING_VERSION = 1.0;
				PRODUCT_BUNDLE_IDENTIFIER = "uni.NavigationBar-------";
				PRODUCT_NAME = "$(TARGET_NAME)";
				SWIFT_EMIT_LOC_STRINGS = YES;
				SWIFT_VERSION = 5.0;
				TARGETED_DEVICE_FAMILY = "1,2";
			};
			name = Debug;
		};
		E02B759C2808656B0017B5C2 /* Release */ = {
			isa = XCBuildConfiguration;
			buildSettings = {
				ASSETCATALOG_COMPILER_APPICON_NAME = AppIcon;
				ASSETCATALOG_COMPILER_GLOBAL_ACCENT_COLOR_NAME = AccentColor;
				CODE_SIGN_STYLE = Automatic;
				CURRENT_PROJECT_VERSION = 1;
				GENERATE_INFOPLIST_FILE = YES;
				INFOPLIST_FILE = "NavigationBar 실습/Info.plist";
				INFOPLIST_KEY_UIApplicationSupportsIndirectInputEvents = YES;
				INFOPLIST_KEY_UILaunchStoryboardName = LaunchScreen;
				INFOPLIST_KEY_UIMainStoryboardFile = Main;
				INFOPLIST_KEY_UISupportedInterfaceOrientations_iPad = "UIInterfaceOrientationPortrait UIInterfaceOrientationPortraitUpsideDown UIInterfaceOrientationLandscapeLeft UIInterfaceOrientationLandscapeRight";
				INFOPLIST_KEY_UISupportedInterfaceOrientations_iPhone = "UIInterfaceOrientationPortrait UIInterfaceOrientationLandscapeLeft UIInterfaceOrientationLandscapeRight";
				LD_RUNPATH_SEARCH_PATHS = (
					"$(inherited)",
					"@executable_path/Frameworks",
				);
				MARKETING_VERSION = 1.0;
				PRODUCT_BUNDLE_IDENTIFIER = "uni.NavigationBar-------";
				PRODUCT_NAME = "$(TARGET_NAME)";
				SWIFT_EMIT_LOC_STRINGS = YES;
				SWIFT_VERSION = 5.0;
				TARGETED_DEVICE_FAMILY = "1,2";
			};
			name = Release;
		};
		E02B759E2808656B0017B5C2 /* Debug */ = {
			isa = XCBuildConfiguration;
			buildSettings = {
				ALWAYS_EMBED_SWIFT_STANDARD_LIBRARIES = YES;
				BUNDLE_LOADER = "$(TEST_HOST)";
				CODE_SIGN_STYLE = Automatic;
				CURRENT_PROJECT_VERSION = 1;
				GENERATE_INFOPLIST_FILE = YES;
				IPHONEOS_DEPLOYMENT_TARGET = 15.2;
				MARKETING_VERSION = 1.0;
				PRODUCT_BUNDLE_IDENTIFIER = "uni.NavigationBar-------Tests";
				PRODUCT_NAME = "$(TARGET_NAME)";
				SWIFT_EMIT_LOC_STRINGS = NO;
				SWIFT_VERSION = 5.0;
				TARGETED_DEVICE_FAMILY = "1,2";
				TEST_HOST = "$(BUILT_PRODUCTS_DIR)/NavigationBar 실습.app/NavigationBar 실습";
			};
			name = Debug;
		};
		E02B759F2808656B0017B5C2 /* Release */ = {
			isa = XCBuildConfiguration;
			buildSettings = {
				ALWAYS_EMBED_SWIFT_STANDARD_LIBRARIES = YES;
				BUNDLE_LOADER = "$(TEST_HOST)";
				CODE_SIGN_STYLE = Automatic;
				CURRENT_PROJECT_VERSION = 1;
				GENERATE_INFOPLIST_FILE = YES;
				IPHONEOS_DEPLOYMENT_TARGET = 15.2;
				MARKETING_VERSION = 1.0;
				PRODUCT_BUNDLE_IDENTIFIER = "uni.NavigationBar-------Tests";
				PRODUCT_NAME = "$(TARGET_NAME)";
				SWIFT_EMIT_LOC_STRINGS = NO;
				SWIFT_VERSION = 5.0;
				TARGETED_DEVICE_FAMILY = "1,2";
				TEST_HOST = "$(BUILT_PRODUCTS_DIR)/NavigationBar 실습.app/NavigationBar 실습";
			};
			name = Release;
		};
		E02B75A12808656B0017B5C2 /* Debug */ = {
			isa = XCBuildConfiguration;
			buildSettings = {
				ALWAYS_EMBED_SWIFT_STANDARD_LIBRARIES = YES;
				CODE_SIGN_STYLE = Automatic;
				CURRENT_PROJECT_VERSION = 1;
				GENERATE_INFOPLIST_FILE = YES;
				MARKETING_VERSION = 1.0;
				PRODUCT_BUNDLE_IDENTIFIER = "uni.NavigationBar-------UITests";
				PRODUCT_NAME = "$(TARGET_NAME)";
				SWIFT_EMIT_LOC_STRINGS = NO;
				SWIFT_VERSION = 5.0;
				TARGETED_DEVICE_FAMILY = "1,2";
				TEST_TARGET_NAME = "NavigationBar 실습";
			};
			name = Debug;
		};
		E02B75A22808656B0017B5C2 /* Release */ = {
			isa = XCBuildConfiguration;
			buildSettings = {
				ALWAYS_EMBED_SWIFT_STANDARD_LIBRARIES = YES;
				CODE_SIGN_STYLE = Automatic;
				CURRENT_PROJECT_VERSION = 1;
				GENERATE_INFOPLIST_FILE = YES;
				MARKETING_VERSION = 1.0;
				PRODUCT_BUNDLE_IDENTIFIER = "uni.NavigationBar-------UITests";
				PRODUCT_NAME = "$(TARGET_NAME)";
				SWIFT_EMIT_LOC_STRINGS = NO;
				SWIFT_VERSION = 5.0;
				TARGETED_DEVICE_FAMILY = "1,2";
				TEST_TARGET_NAME = "NavigationBar 실습";
			};
			name = Release;
		};
/* End XCBuildConfiguration section */

/* Begin XCConfigurationList section */
		E02B756B280865690017B5C2 /* Build configuration list for PBXProject "NavigationBar 실습" */ = {
			isa = XCConfigurationList;
			buildConfigurations = (
				E02B75982808656B0017B5C2 /* Debug */,
				E02B75992808656B0017B5C2 /* Release */,
			);
			defaultConfigurationIsVisible = 0;
			defaultConfigurationName = Release;
		};
		E02B759A2808656B0017B5C2 /* Build configuration list for PBXNativeTarget "NavigationBar 실습" */ = {
			isa = XCConfigurationList;
			buildConfigurations = (
				E02B759B2808656B0017B5C2 /* Debug */,
				E02B759C2808656B0017B5C2 /* Release */,
			);
			defaultConfigurationIsVisible = 0;
			defaultConfigurationName = Release;
		};
		E02B759D2808656B0017B5C2 /* Build configuration list for PBXNativeTarget "NavigationBar 실습Tests" */ = {
			isa = XCConfigurationList;
			buildConfigurations = (
				E02B759E2808656B0017B5C2 /* Debug */,
				E02B759F2808656B0017B5C2 /* Release */,
			);
			defaultConfigurationIsVisible = 0;
			defaultConfigurationName = Release;
		};
		E02B75A02808656B0017B5C2 /* Build configuration list for PBXNativeTarget "NavigationBar 실습UITests" */ = {
			isa = XCConfigurationList;
			buildConfigurations = (
				E02B75A12808656B0017B5C2 /* Debug */,
				E02B75A22808656B0017B5C2 /* Release */,
			);
			defaultConfigurationIsVisible = 0;
			defaultConfigurationName = Release;
		};
/* End XCConfigurationList section */
	};
	rootObject = E02B7568280865690017B5C2 /* Project object */;
}
