// !$*UTF8*$!
{
	archiveVersion = 1;
	classes = {
	};
	objectVersion = 55;
	objects = {

/* Begin PBXBuildFile section */
		AC6064F727EC64D600BACAA2 /* AppDelegate.swift in Sources */ = {isa = PBXBuildFile; fileRef = AC6064F627EC64D600BACAA2 /* AppDelegate.swift */; };
		AC6064F927EC64D600BACAA2 /* SceneDelegate.swift in Sources */ = {isa = PBXBuildFile; fileRef = AC6064F827EC64D600BACAA2 /* SceneDelegate.swift */; };
		AC6064FB27EC64D600BACAA2 /* ViewController.swift in Sources */ = {isa = PBXBuildFile; fileRef = AC6064FA27EC64D600BACAA2 /* ViewController.swift */; };
		AC6064FE27EC64D600BACAA2 /* Main.storyboard in Resources */ = {isa = PBXBuildFile; fileRef = AC6064FC27EC64D600BACAA2 /* Main.storyboard */; };
		AC60650027EC64D900BACAA2 /* Assets.xcassets in Resources */ = {isa = PBXBuildFile; fileRef = AC6064FF27EC64D900BACAA2 /* Assets.xcassets */; };
		AC60650327EC64D900BACAA2 /* LaunchScreen.storyboard in Resources */ = {isa = PBXBuildFile; fileRef = AC60650127EC64D900BACAA2 /* LaunchScreen.storyboard */; };
		AC60650E27EC64D900BACAA2 /* Autolayout______Tests.swift in Sources */ = {isa = PBXBuildFile; fileRef = AC60650D27EC64D900BACAA2 /* Autolayout______Tests.swift */; };
		AC60651827EC64D900BACAA2 /* Autolayout______UITests.swift in Sources */ = {isa = PBXBuildFile; fileRef = AC60651727EC64D900BACAA2 /* Autolayout______UITests.swift */; };
		AC60651A27EC64D900BACAA2 /* Autolayout______UITestsLaunchTests.swift in Sources */ = {isa = PBXBuildFile; fileRef = AC60651927EC64D900BACAA2 /* Autolayout______UITestsLaunchTests.swift */; };
/* End PBXBuildFile section */

/* Begin PBXContainerItemProxy section */
		AC60650A27EC64D900BACAA2 /* PBXContainerItemProxy */ = {
			isa = PBXContainerItemProxy;
			containerPortal = AC6064EB27EC64D600BACAA2 /* Project object */;
			proxyType = 1;
			remoteGlobalIDString = AC6064F227EC64D600BACAA2;
			remoteInfo = "Autolayout실습";
		};
		AC60651427EC64D900BACAA2 /* PBXContainerItemProxy */ = {
			isa = PBXContainerItemProxy;
			containerPortal = AC6064EB27EC64D600BACAA2 /* Project object */;
			proxyType = 1;
			remoteGlobalIDString = AC6064F227EC64D600BACAA2;
			remoteInfo = "Autolayout실습";
		};
/* End PBXContainerItemProxy section */

/* Begin PBXFileReference section */
		AC6064F327EC64D600BACAA2 /* Autolayout실습.app */ = {isa = PBXFileReference; explicitFileType = wrapper.application; includeInIndex = 0; path = "Autolayout실습.app"; sourceTree = BUILT_PRODUCTS_DIR; };
		AC6064F627EC64D600BACAA2 /* AppDelegate.swift */ = {isa = PBXFileReference; lastKnownFileType = sourcecode.swift; path = AppDelegate.swift; sourceTree = "<group>"; };
		AC6064F827EC64D600BACAA2 /* SceneDelegate.swift */ = {isa = PBXFileReference; lastKnownFileType = sourcecode.swift; path = SceneDelegate.swift; sourceTree = "<group>"; };
		AC6064FA27EC64D600BACAA2 /* ViewController.swift */ = {isa = PBXFileReference; lastKnownFileType = sourcecode.swift; path = ViewController.swift; sourceTree = "<group>"; };
		AC6064FD27EC64D600BACAA2 /* Base */ = {isa = PBXFileReference; lastKnownFileType = file.storyboard; name = Base; path = Base.lproj/Main.storyboard; sourceTree = "<group>"; };
		AC6064FF27EC64D900BACAA2 /* Assets.xcassets */ = {isa = PBXFileReference; lastKnownFileType = folder.assetcatalog; path = Assets.xcassets; sourceTree = "<group>"; };
		AC60650227EC64D900BACAA2 /* Base */ = {isa = PBXFileReference; lastKnownFileType = file.storyboard; name = Base; path = Base.lproj/LaunchScreen.storyboard; sourceTree = "<group>"; };
		AC60650427EC64D900BACAA2 /* Info.plist */ = {isa = PBXFileReference; lastKnownFileType = text.plist.xml; path = Info.plist; sourceTree = "<group>"; };
		AC60650927EC64D900BACAA2 /* Autolayout실습Tests.xctest */ = {isa = PBXFileReference; explicitFileType = wrapper.cfbundle; includeInIndex = 0; path = "Autolayout실습Tests.xctest"; sourceTree = BUILT_PRODUCTS_DIR; };
		AC60650D27EC64D900BACAA2 /* Autolayout______Tests.swift */ = {isa = PBXFileReference; lastKnownFileType = sourcecode.swift; path = "Autolayout______Tests.swift"; sourceTree = "<group>"; };
		AC60651327EC64D900BACAA2 /* Autolayout실습UITests.xctest */ = {isa = PBXFileReference; explicitFileType = wrapper.cfbundle; includeInIndex = 0; path = "Autolayout실습UITests.xctest"; sourceTree = BUILT_PRODUCTS_DIR; };
		AC60651727EC64D900BACAA2 /* Autolayout______UITests.swift */ = {isa = PBXFileReference; lastKnownFileType = sourcecode.swift; path = "Autolayout______UITests.swift"; sourceTree = "<group>"; };
		AC60651927EC64D900BACAA2 /* Autolayout______UITestsLaunchTests.swift */ = {isa = PBXFileReference; lastKnownFileType = sourcecode.swift; path = "Autolayout______UITestsLaunchTests.swift"; sourceTree = "<group>"; };
/* End PBXFileReference section */

/* Begin PBXFrameworksBuildPhase section */
		AC6064F027EC64D600BACAA2 /* Frameworks */ = {
			isa = PBXFrameworksBuildPhase;
			buildActionMask = 2147483647;
			files = (
			);
			runOnlyForDeploymentPostprocessing = 0;
		};
		AC60650627EC64D900BACAA2 /* Frameworks */ = {
			isa = PBXFrameworksBuildPhase;
			buildActionMask = 2147483647;
			files = (
			);
			runOnlyForDeploymentPostprocessing = 0;
		};
		AC60651027EC64D900BACAA2 /* Frameworks */ = {
			isa = PBXFrameworksBuildPhase;
			buildActionMask = 2147483647;
			files = (
			);
			runOnlyForDeploymentPostprocessing = 0;
		};
/* End PBXFrameworksBuildPhase section */

/* Begin PBXGroup section */
		AC6064EA27EC64D600BACAA2 = {
			isa = PBXGroup;
			children = (
				AC6064F527EC64D600BACAA2 /* Autolayout실습 */,
				AC60650C27EC64D900BACAA2 /* Autolayout실습Tests */,
				AC60651627EC64D900BACAA2 /* Autolayout실습UITests */,
				AC6064F427EC64D600BACAA2 /* Products */,
			);
			sourceTree = "<group>";
		};
		AC6064F427EC64D600BACAA2 /* Products */ = {
			isa = PBXGroup;
			children = (
				AC6064F327EC64D600BACAA2 /* Autolayout실습.app */,
				AC60650927EC64D900BACAA2 /* Autolayout실습Tests.xctest */,
				AC60651327EC64D900BACAA2 /* Autolayout실습UITests.xctest */,
			);
			name = Products;
			sourceTree = "<group>";
		};
		AC6064F527EC64D600BACAA2 /* Autolayout실습 */ = {
			isa = PBXGroup;
			children = (
				AC6064F627EC64D600BACAA2 /* AppDelegate.swift */,
				AC6064F827EC64D600BACAA2 /* SceneDelegate.swift */,
				AC6064FA27EC64D600BACAA2 /* ViewController.swift */,
				AC6064FC27EC64D600BACAA2 /* Main.storyboard */,
				AC6064FF27EC64D900BACAA2 /* Assets.xcassets */,
				AC60650127EC64D900BACAA2 /* LaunchScreen.storyboard */,
				AC60650427EC64D900BACAA2 /* Info.plist */,
			);
			path = "Autolayout실습";
			sourceTree = "<group>";
		};
		AC60650C27EC64D900BACAA2 /* Autolayout실습Tests */ = {
			isa = PBXGroup;
			children = (
				AC60650D27EC64D900BACAA2 /* Autolayout______Tests.swift */,
			);
			path = "Autolayout실습Tests";
			sourceTree = "<group>";
		};
		AC60651627EC64D900BACAA2 /* Autolayout실습UITests */ = {
			isa = PBXGroup;
			children = (
				AC60651727EC64D900BACAA2 /* Autolayout______UITests.swift */,
				AC60651927EC64D900BACAA2 /* Autolayout______UITestsLaunchTests.swift */,
			);
			path = "Autolayout실습UITests";
			sourceTree = "<group>";
		};
/* End PBXGroup section */

/* Begin PBXNativeTarget section */
		AC6064F227EC64D600BACAA2 /* Autolayout실습 */ = {
			isa = PBXNativeTarget;
			buildConfigurationList = AC60651D27EC64D900BACAA2 /* Build configuration list for PBXNativeTarget "Autolayout실습" */;
			buildPhases = (
				AC6064EF27EC64D600BACAA2 /* Sources */,
				AC6064F027EC64D600BACAA2 /* Frameworks */,
				AC6064F127EC64D600BACAA2 /* Resources */,
			);
			buildRules = (
			);
			dependencies = (
			);
			name = "Autolayout실습";
			productName = "Autolayout실습";
			productReference = AC6064F327EC64D600BACAA2 /* Autolayout실습.app */;
			productType = "com.apple.product-type.application";
		};
		AC60650827EC64D900BACAA2 /* Autolayout실습Tests */ = {
			isa = PBXNativeTarget;
			buildConfigurationList = AC60652027EC64D900BACAA2 /* Build configuration list for PBXNativeTarget "Autolayout실습Tests" */;
			buildPhases = (
				AC60650527EC64D900BACAA2 /* Sources */,
				AC60650627EC64D900BACAA2 /* Frameworks */,
				AC60650727EC64D900BACAA2 /* Resources */,
			);
			buildRules = (
			);
			dependencies = (
				AC60650B27EC64D900BACAA2 /* PBXTargetDependency */,
			);
			name = "Autolayout실습Tests";
			productName = "Autolayout실습Tests";
			productReference = AC60650927EC64D900BACAA2 /* Autolayout실습Tests.xctest */;
			productType = "com.apple.product-type.bundle.unit-test";
		};
		AC60651227EC64D900BACAA2 /* Autolayout실습UITests */ = {
			isa = PBXNativeTarget;
			buildConfigurationList = AC60652327EC64D900BACAA2 /* Build configuration list for PBXNativeTarget "Autolayout실습UITests" */;
			buildPhases = (
				AC60650F27EC64D900BACAA2 /* Sources */,
				AC60651027EC64D900BACAA2 /* Frameworks */,
				AC60651127EC64D900BACAA2 /* Resources */,
			);
			buildRules = (
			);
			dependencies = (
				AC60651527EC64D900BACAA2 /* PBXTargetDependency */,
			);
			name = "Autolayout실습UITests";
			productName = "Autolayout실습UITests";
			productReference = AC60651327EC64D900BACAA2 /* Autolayout실습UITests.xctest */;
			productType = "com.apple.product-type.bundle.ui-testing";
		};
/* End PBXNativeTarget section */

/* Begin PBXProject section */
		AC6064EB27EC64D600BACAA2 /* Project object */ = {
			isa = PBXProject;
			attributes = {
				BuildIndependentTargetsInParallel = 1;
				LastSwiftUpdateCheck = 1320;
				LastUpgradeCheck = 1320;
				TargetAttributes = {
					AC6064F227EC64D600BACAA2 = {
						CreatedOnToolsVersion = 13.2.1;
					};
					AC60650827EC64D900BACAA2 = {
						CreatedOnToolsVersion = 13.2.1;
						TestTargetID = AC6064F227EC64D600BACAA2;
					};
					AC60651227EC64D900BACAA2 = {
						CreatedOnToolsVersion = 13.2.1;
						TestTargetID = AC6064F227EC64D600BACAA2;
					};
				};
			};
			buildConfigurationList = AC6064EE27EC64D600BACAA2 /* Build configuration list for PBXProject "Autolayout실습" */;
			compatibilityVersion = "Xcode 13.0";
			developmentRegion = en;
			hasScannedForEncodings = 0;
			knownRegions = (
				en,
				Base,
			);
			mainGroup = AC6064EA27EC64D600BACAA2;
			productRefGroup = AC6064F427EC64D600BACAA2 /* Products */;
			projectDirPath = "";
			projectRoot = "";
			targets = (
				AC6064F227EC64D600BACAA2 /* Autolayout실습 */,
				AC60650827EC64D900BACAA2 /* Autolayout실습Tests */,
				AC60651227EC64D900BACAA2 /* Autolayout실습UITests */,
			);
		};
/* End PBXProject section */

/* Begin PBXResourcesBuildPhase section */
		AC6064F127EC64D600BACAA2 /* Resources */ = {
			isa = PBXResourcesBuildPhase;
			buildActionMask = 2147483647;
			files = (
				AC60650327EC64D900BACAA2 /* LaunchScreen.storyboard in Resources */,
				AC60650027EC64D900BACAA2 /* Assets.xcassets in Resources */,
				AC6064FE27EC64D600BACAA2 /* Main.storyboard in Resources */,
			);
			runOnlyForDeploymentPostprocessing = 0;
		};
		AC60650727EC64D900BACAA2 /* Resources */ = {
			isa = PBXResourcesBuildPhase;
			buildActionMask = 2147483647;
			files = (
			);
			runOnlyForDeploymentPostprocessing = 0;
		};
		AC60651127EC64D900BACAA2 /* Resources */ = {
			isa = PBXResourcesBuildPhase;
			buildActionMask = 2147483647;
			files = (
			);
			runOnlyForDeploymentPostprocessing = 0;
		};
/* End PBXResourcesBuildPhase section */

/* Begin PBXSourcesBuildPhase section */
		AC6064EF27EC64D600BACAA2 /* Sources */ = {
			isa = PBXSourcesBuildPhase;
			buildActionMask = 2147483647;
			files = (
				AC6064FB27EC64D600BACAA2 /* ViewController.swift in Sources */,
				AC6064F727EC64D600BACAA2 /* AppDelegate.swift in Sources */,
				AC6064F927EC64D600BACAA2 /* SceneDelegate.swift in Sources */,
			);
			runOnlyForDeploymentPostprocessing = 0;
		};
		AC60650527EC64D900BACAA2 /* Sources */ = {
			isa = PBXSourcesBuildPhase;
			buildActionMask = 2147483647;
			files = (
				AC60650E27EC64D900BACAA2 /* Autolayout______Tests.swift in Sources */,
			);
			runOnlyForDeploymentPostprocessing = 0;
		};
		AC60650F27EC64D900BACAA2 /* Sources */ = {
			isa = PBXSourcesBuildPhase;
			buildActionMask = 2147483647;
			files = (
				AC60651827EC64D900BACAA2 /* Autolayout______UITests.swift in Sources */,
				AC60651A27EC64D900BACAA2 /* Autolayout______UITestsLaunchTests.swift in Sources */,
			);
			runOnlyForDeploymentPostprocessing = 0;
		};
/* End PBXSourcesBuildPhase section */

/* Begin PBXTargetDependency section */
		AC60650B27EC64D900BACAA2 /* PBXTargetDependency */ = {
			isa = PBXTargetDependency;
			target = AC6064F227EC64D600BACAA2 /* Autolayout실습 */;
			targetProxy = AC60650A27EC64D900BACAA2 /* PBXContainerItemProxy */;
		};
		AC60651527EC64D900BACAA2 /* PBXTargetDependency */ = {
			isa = PBXTargetDependency;
			target = AC6064F227EC64D600BACAA2 /* Autolayout실습 */;
			targetProxy = AC60651427EC64D900BACAA2 /* PBXContainerItemProxy */;
		};
/* End PBXTargetDependency section */

/* Begin PBXVariantGroup section */
		AC6064FC27EC64D600BACAA2 /* Main.storyboard */ = {
			isa = PBXVariantGroup;
			children = (
				AC6064FD27EC64D600BACAA2 /* Base */,
			);
			name = Main.storyboard;
			sourceTree = "<group>";
		};
		AC60650127EC64D900BACAA2 /* LaunchScreen.storyboard */ = {
			isa = PBXVariantGroup;
			children = (
				AC60650227EC64D900BACAA2 /* Base */,
			);
			name = LaunchScreen.storyboard;
			sourceTree = "<group>";
		};
/* End PBXVariantGroup section */

/* Begin XCBuildConfiguration section */
		AC60651B27EC64D900BACAA2 /* Debug */ = {
			isa = XCBuildConfiguration;
			buildSettings = {
				ALWAYS_SEARCH_USER_PATHS = NO;
				CLANG_ANALYZER_NONNULL = YES;
				CLANG_ANALYZER_NUMBER_OBJECT_CONVERSION = YES_AGGRESSIVE;
				CLANG_CXX_LANGUAGE_STANDARD = "gnu++17";
				CLANG_CXX_LIBRARY = "libc++";
				CLANG_ENABLE_MODULES = YES;
				CLANG_ENABLE_OBJC_ARC = YES;
				CLANG_ENABLE_OBJC_WEAK = YES;
				CLANG_WARN_BLOCK_CAPTURE_AUTORELEASING = YES;
				CLANG_WARN_BOOL_CONVERSION = YES;
				CLANG_WARN_COMMA = YES;
				CLANG_WARN_CONSTANT_CONVERSION = YES;
				CLANG_WARN_DEPRECATED_OBJC_IMPLEMENTATIONS = YES;
				CLANG_WARN_DIRECT_OBJC_ISA_USAGE = YES_ERROR;
				CLANG_WARN_DOCUMENTATION_COMMENTS = YES;
				CLANG_WARN_EMPTY_BODY = YES;
				CLANG_WARN_ENUM_CONVERSION = YES;
				CLANG_WARN_INFINITE_RECURSION = YES;
				CLANG_WARN_INT_CONVERSION = YES;
				CLANG_WARN_NON_LITERAL_NULL_CONVERSION = YES;
				CLANG_WARN_OBJC_IMPLICIT_RETAIN_SELF = YES;
				CLANG_WARN_OBJC_LITERAL_CONVERSION = YES;
				CLANG_WARN_OBJC_ROOT_CLASS = YES_ERROR;
				CLANG_WARN_QUOTED_INCLUDE_IN_FRAMEWORK_HEADER = YES;
				CLANG_WARN_RANGE_LOOP_ANALYSIS = YES;
				CLANG_WARN_STRICT_PROTOTYPES = YES;
				CLANG_WARN_SUSPICIOUS_MOVE = YES;
				CLANG_WARN_UNGUARDED_AVAILABILITY = YES_AGGRESSIVE;
				CLANG_WARN_UNREACHABLE_CODE = YES;
				CLANG_WARN__DUPLICATE_METHOD_MATCH = YES;
				COPY_PHASE_STRIP = NO;
				DEBUG_INFORMATION_FORMAT = dwarf;
				ENABLE_STRICT_OBJC_MSGSEND = YES;
				ENABLE_TESTABILITY = YES;
				GCC_C_LANGUAGE_STANDARD = gnu11;
				GCC_DYNAMIC_NO_PIC = NO;
				GCC_NO_COMMON_BLOCKS = YES;
				GCC_OPTIMIZATION_LEVEL = 0;
				GCC_PREPROCESSOR_DEFINITIONS = (
					"DEBUG=1",
					"$(inherited)",
				);
				GCC_WARN_64_TO_32_BIT_CONVERSION = YES;
				GCC_WARN_ABOUT_RETURN_TYPE = YES_ERROR;
				GCC_WARN_UNDECLARED_SELECTOR = YES;
				GCC_WARN_UNINITIALIZED_AUTOS = YES_AGGRESSIVE;
				GCC_WARN_UNUSED_FUNCTION = YES;
				GCC_WARN_UNUSED_VARIABLE = YES;
				IPHONEOS_DEPLOYMENT_TARGET = 15.2;
				MTL_ENABLE_DEBUG_INFO = INCLUDE_SOURCE;
				MTL_FAST_MATH = YES;
				ONLY_ACTIVE_ARCH = YES;
				SDKROOT = iphoneos;
				SWIFT_ACTIVE_COMPILATION_CONDITIONS = DEBUG;
				SWIFT_OPTIMIZATION_LEVEL = "-Onone";
			};
			name = Debug;
		};
		AC60651C27EC64D900BACAA2 /* Release */ = {
			isa = XCBuildConfiguration;
			buildSettings = {
				ALWAYS_SEARCH_USER_PATHS = NO;
				CLANG_ANALYZER_NONNULL = YES;
				CLANG_ANALYZER_NUMBER_OBJECT_CONVERSION = YES_AGGRESSIVE;
				CLANG_CXX_LANGUAGE_STANDARD = "gnu++17";
				CLANG_CXX_LIBRARY = "libc++";
				CLANG_ENABLE_MODULES = YES;
				CLANG_ENABLE_OBJC_ARC = YES;
				CLANG_ENABLE_OBJC_WEAK = YES;
				CLANG_WARN_BLOCK_CAPTURE_AUTORELEASING = YES;
				CLANG_WARN_BOOL_CONVERSION = YES;
				CLANG_WARN_COMMA = YES;
				CLANG_WARN_CONSTANT_CONVERSION = YES;
				CLANG_WARN_DEPRECATED_OBJC_IMPLEMENTATIONS = YES;
				CLANG_WARN_DIRECT_OBJC_ISA_USAGE = YES_ERROR;
				CLANG_WARN_DOCUMENTATION_COMMENTS = YES;
				CLANG_WARN_EMPTY_BODY = YES;
				CLANG_WARN_ENUM_CONVERSION = YES;
				CLANG_WARN_INFINITE_RECURSION = YES;
				CLANG_WARN_INT_CONVERSION = YES;
				CLANG_WARN_NON_LITERAL_NULL_CONVERSION = YES;
				CLANG_WARN_OBJC_IMPLICIT_RETAIN_SELF = YES;
				CLANG_WARN_OBJC_LITERAL_CONVERSION = YES;
				CLANG_WARN_OBJC_ROOT_CLASS = YES_ERROR;
				CLANG_WARN_QUOTED_INCLUDE_IN_FRAMEWORK_HEADER = YES;
				CLANG_WARN_RANGE_LOOP_ANALYSIS = YES;
				CLANG_WARN_STRICT_PROTOTYPES = YES;
				CLANG_WARN_SUSPICIOUS_MOVE = YES;
				CLANG_WARN_UNGUARDED_AVAILABILITY = YES_AGGRESSIVE;
				CLANG_WARN_UNREACHABLE_CODE = YES;
				CLANG_WARN__DUPLICATE_METHOD_MATCH = YES;
				COPY_PHASE_STRIP = NO;
				DEBUG_INFORMATION_FORMAT = "dwarf-with-dsym";
				ENABLE_NS_ASSERTIONS = NO;
				ENABLE_STRICT_OBJC_MSGSEND = YES;
				GCC_C_LANGUAGE_STANDARD = gnu11;
				GCC_NO_COMMON_BLOCKS = YES;
				GCC_WARN_64_TO_32_BIT_CONVERSION = YES;
				GCC_WARN_ABOUT_RETURN_TYPE = YES_ERROR;
				GCC_WARN_UNDECLARED_SELECTOR = YES;
				GCC_WARN_UNINITIALIZED_AUTOS = YES_AGGRESSIVE;
				GCC_WARN_UNUSED_FUNCTION = YES;
				GCC_WARN_UNUSED_VARIABLE = YES;
				IPHONEOS_DEPLOYMENT_TARGET = 15.2;
				MTL_ENABLE_DEBUG_INFO = NO;
				MTL_FAST_MATH = YES;
				SDKROOT = iphoneos;
				SWIFT_COMPILATION_MODE = wholemodule;
				SWIFT_OPTIMIZATION_LEVEL = "-O";
				VALIDATE_PRODUCT = YES;
			};
			name = Release;
		};
		AC60651E27EC64D900BACAA2 /* Debug */ = {
			isa = XCBuildConfiguration;
			buildSettings = {
				ASSETCATALOG_COMPILER_APPICON_NAME = AppIcon;
				ASSETCATALOG_COMPILER_GLOBAL_ACCENT_COLOR_NAME = AccentColor;
				CODE_SIGN_STYLE = Automatic;
				CURRENT_PROJECT_VERSION = 1;
				GENERATE_INFOPLIST_FILE = YES;
				INFOPLIST_FILE = "Autolayout실습/Info.plist";
				INFOPLIST_KEY_UIApplicationSupportsIndirectInputEvents = YES;
				INFOPLIST_KEY_UILaunchStoryboardName = LaunchScreen;
				INFOPLIST_KEY_UIMainStoryboardFile = Main;
				INFOPLIST_KEY_UISupportedInterfaceOrientations_iPad = "UIInterfaceOrientationPortrait UIInterfaceOrientationPortraitUpsideDown UIInterfaceOrientationLandscapeLeft UIInterfaceOrientationLandscapeRight";
				INFOPLIST_KEY_UISupportedInterfaceOrientations_iPhone = "UIInterfaceOrientationPortrait UIInterfaceOrientationLandscapeLeft UIInterfaceOrientationLandscapeRight";
				LD_RUNPATH_SEARCH_PATHS = (
					"$(inherited)",
					"@executable_path/Frameworks",
				);
				MARKETING_VERSION = 1.0;
				PRODUCT_BUNDLE_IDENTIFIER = "hola.Autolayout------";
				PRODUCT_NAME = "$(TARGET_NAME)";
				SWIFT_EMIT_LOC_STRINGS = YES;
				SWIFT_VERSION = 5.0;
				TARGETED_DEVICE_FAMILY = "1,2";
			};
			name = Debug;
		};
		AC60651F27EC64D900BACAA2 /* Release */ = {
			isa = XCBuildConfiguration;
			buildSettings = {
				ASSETCATALOG_COMPILER_APPICON_NAME = AppIcon;
				ASSETCATALOG_COMPILER_GLOBAL_ACCENT_COLOR_NAME = AccentColor;
				CODE_SIGN_STYLE = Automatic;
				CURRENT_PROJECT_VERSION = 1;
				GENERATE_INFOPLIST_FILE = YES;
				INFOPLIST_FILE = "Autolayout실습/Info.plist";
				INFOPLIST_KEY_UIApplicationSupportsIndirectInputEvents = YES;
				INFOPLIST_KEY_UILaunchStoryboardName = LaunchScreen;
				INFOPLIST_KEY_UIMainStoryboardFile = Main;
				INFOPLIST_KEY_UISupportedInterfaceOrientations_iPad = "UIInterfaceOrientationPortrait UIInterfaceOrientationPortraitUpsideDown UIInterfaceOrientationLandscapeLeft UIInterfaceOrientationLandscapeRight";
				INFOPLIST_KEY_UISupportedInterfaceOrientations_iPhone = "UIInterfaceOrientationPortrait UIInterfaceOrientationLandscapeLeft UIInterfaceOrientationLandscapeRight";
				LD_RUNPATH_SEARCH_PATHS = (
					"$(inherited)",
					"@executable_path/Frameworks",
				);
				MARKETING_VERSION = 1.0;
				PRODUCT_BUNDLE_IDENTIFIER = "hola.Autolayout------";
				PRODUCT_NAME = "$(TARGET_NAME)";
				SWIFT_EMIT_LOC_STRINGS = YES;
				SWIFT_VERSION = 5.0;
				TARGETED_DEVICE_FAMILY = "1,2";
			};
			name = Release;
		};
		AC60652127EC64D900BACAA2 /* Debug */ = {
			isa = XCBuildConfiguration;
			buildSettings = {
				ALWAYS_EMBED_SWIFT_STANDARD_LIBRARIES = YES;
				BUNDLE_LOADER = "$(TEST_HOST)";
				CODE_SIGN_STYLE = Automatic;
				CURRENT_PROJECT_VERSION = 1;
				GENERATE_INFOPLIST_FILE = YES;
				IPHONEOS_DEPLOYMENT_TARGET = 15.2;
				MARKETING_VERSION = 1.0;
				PRODUCT_BUNDLE_IDENTIFIER = "hola.Autolayout------Tests";
				PRODUCT_NAME = "$(TARGET_NAME)";
				SWIFT_EMIT_LOC_STRINGS = NO;
				SWIFT_VERSION = 5.0;
				TARGETED_DEVICE_FAMILY = "1,2";
				TEST_HOST = "$(BUILT_PRODUCTS_DIR)/Autolayout실습.app/Autolayout실습";
			};
			name = Debug;
		};
		AC60652227EC64D900BACAA2 /* Release */ = {
			isa = XCBuildConfiguration;
			buildSettings = {
				ALWAYS_EMBED_SWIFT_STANDARD_LIBRARIES = YES;
				BUNDLE_LOADER = "$(TEST_HOST)";
				CODE_SIGN_STYLE = Automatic;
				CURRENT_PROJECT_VERSION = 1;
				GENERATE_INFOPLIST_FILE = YES;
				IPHONEOS_DEPLOYMENT_TARGET = 15.2;
				MARKETING_VERSION = 1.0;
				PRODUCT_BUNDLE_IDENTIFIER = "hola.Autolayout------Tests";
				PRODUCT_NAME = "$(TARGET_NAME)";
				SWIFT_EMIT_LOC_STRINGS = NO;
				SWIFT_VERSION = 5.0;
				TARGETED_DEVICE_FAMILY = "1,2";
				TEST_HOST = "$(BUILT_PRODUCTS_DIR)/Autolayout실습.app/Autolayout실습";
			};
			name = Release;
		};
		AC60652427EC64D900BACAA2 /* Debug */ = {
			isa = XCBuildConfiguration;
			buildSettings = {
				ALWAYS_EMBED_SWIFT_STANDARD_LIBRARIES = YES;
				CODE_SIGN_STYLE = Automatic;
				CURRENT_PROJECT_VERSION = 1;
				GENERATE_INFOPLIST_FILE = YES;
				MARKETING_VERSION = 1.0;
				PRODUCT_BUNDLE_IDENTIFIER = "hola.Autolayout------UITests";
				PRODUCT_NAME = "$(TARGET_NAME)";
				SWIFT_EMIT_LOC_STRINGS = NO;
				SWIFT_VERSION = 5.0;
				TARGETED_DEVICE_FAMILY = "1,2";
				TEST_TARGET_NAME = "Autolayout실습";
			};
			name = Debug;
		};
		AC60652527EC64D900BACAA2 /* Release */ = {
			isa = XCBuildConfiguration;
			buildSettings = {
				ALWAYS_EMBED_SWIFT_STANDARD_LIBRARIES = YES;
				CODE_SIGN_STYLE = Automatic;
				CURRENT_PROJECT_VERSION = 1;
				GENERATE_INFOPLIST_FILE = YES;
				MARKETING_VERSION = 1.0;
				PRODUCT_BUNDLE_IDENTIFIER = "hola.Autolayout------UITests";
				PRODUCT_NAME = "$(TARGET_NAME)";
				SWIFT_EMIT_LOC_STRINGS = NO;
				SWIFT_VERSION = 5.0;
				TARGETED_DEVICE_FAMILY = "1,2";
				TEST_TARGET_NAME = "Autolayout실습";
			};
			name = Release;
		};
/* End XCBuildConfiguration section */

/* Begin XCConfigurationList section */
		AC6064EE27EC64D600BACAA2 /* Build configuration list for PBXProject "Autolayout실습" */ = {
			isa = XCConfigurationList;
			buildConfigurations = (
				AC60651B27EC64D900BACAA2 /* Debug */,
				AC60651C27EC64D900BACAA2 /* Release */,
			);
			defaultConfigurationIsVisible = 0;
			defaultConfigurationName = Release;
		};
		AC60651D27EC64D900BACAA2 /* Build configuration list for PBXNativeTarget "Autolayout실습" */ = {
			isa = XCConfigurationList;
			buildConfigurations = (
				AC60651E27EC64D900BACAA2 /* Debug */,
				AC60651F27EC64D900BACAA2 /* Release */,
			);
			defaultConfigurationIsVisible = 0;
			defaultConfigurationName = Release;
		};
		AC60652027EC64D900BACAA2 /* Build configuration list for PBXNativeTarget "Autolayout실습Tests" */ = {
			isa = XCConfigurationList;
			buildConfigurations = (
				AC60652127EC64D900BACAA2 /* Debug */,
				AC60652227EC64D900BACAA2 /* Release */,
			);
			defaultConfigurationIsVisible = 0;
			defaultConfigurationName = Release;
		};
		AC60652327EC64D900BACAA2 /* Build configuration list for PBXNativeTarget "Autolayout실습UITests" */ = {
			isa = XCConfigurationList;
			buildConfigurations = (
				AC60652427EC64D900BACAA2 /* Debug */,
				AC60652527EC64D900BACAA2 /* Release */,
			);
			defaultConfigurationIsVisible = 0;
			defaultConfigurationName = Release;
		};
/* End XCConfigurationList section */
	};
	rootObject = AC6064EB27EC64D600BACAA2 /* Project object */;
}
