// !$*UTF8*$!
{
	archiveVersion = 1;
	classes = {
	};
	objectVersion = 55;
	objects = {

/* Begin PBXBuildFile section */
		ACEDE3C32807FE620081EAB0 /* AppDelegate.swift in Sources */ = {isa = PBXBuildFile; fileRef = ACEDE3C22807FE620081EAB0 /* AppDelegate.swift */; };
		ACEDE3C52807FE620081EAB0 /* SceneDelegate.swift in Sources */ = {isa = PBXBuildFile; fileRef = ACEDE3C42807FE620081EAB0 /* SceneDelegate.swift */; };
		ACEDE3C72807FE620081EAB0 /* ViewController.swift in Sources */ = {isa = PBXBuildFile; fileRef = ACEDE3C62807FE620081EAB0 /* ViewController.swift */; };
		ACEDE3CA2807FE620081EAB0 /* Main.storyboard in Resources */ = {isa = PBXBuildFile; fileRef = ACEDE3C82807FE620081EAB0 /* Main.storyboard */; };
		ACEDE3CC2807FE640081EAB0 /* Assets.xcassets in Resources */ = {isa = PBXBuildFile; fileRef = ACEDE3CB2807FE640081EAB0 /* Assets.xcassets */; };
		ACEDE3CF2807FE640081EAB0 /* LaunchScreen.storyboard in Resources */ = {isa = PBXBuildFile; fileRef = ACEDE3CD2807FE640081EAB0 /* LaunchScreen.storyboard */; };
		ACEDE3DA2807FE640081EAB0 /* ProtocolTests.swift in Sources */ = {isa = PBXBuildFile; fileRef = ACEDE3D92807FE640081EAB0 /* ProtocolTests.swift */; };
		ACEDE3E42807FE640081EAB0 /* ProtocolUITests.swift in Sources */ = {isa = PBXBuildFile; fileRef = ACEDE3E32807FE640081EAB0 /* ProtocolUITests.swift */; };
		ACEDE3E62807FE640081EAB0 /* ProtocolUITestsLaunchTests.swift in Sources */ = {isa = PBXBuildFile; fileRef = ACEDE3E52807FE640081EAB0 /* ProtocolUITestsLaunchTests.swift */; };
/* End PBXBuildFile section */

/* Begin PBXContainerItemProxy section */
		ACEDE3D62807FE640081EAB0 /* PBXContainerItemProxy */ = {
			isa = PBXContainerItemProxy;
			containerPortal = ACEDE3B72807FE620081EAB0 /* Project object */;
			proxyType = 1;
			remoteGlobalIDString = ACEDE3BE2807FE620081EAB0;
			remoteInfo = Protocol;
		};
		ACEDE3E02807FE640081EAB0 /* PBXContainerItemProxy */ = {
			isa = PBXContainerItemProxy;
			containerPortal = ACEDE3B72807FE620081EAB0 /* Project object */;
			proxyType = 1;
			remoteGlobalIDString = ACEDE3BE2807FE620081EAB0;
			remoteInfo = Protocol;
		};
/* End PBXContainerItemProxy section */

/* Begin PBXFileReference section */
		ACEDE3BF2807FE620081EAB0 /* Protocol.app */ = {isa = PBXFileReference; explicitFileType = wrapper.application; includeInIndex = 0; path = Protocol.app; sourceTree = BUILT_PRODUCTS_DIR; };
		ACEDE3C22807FE620081EAB0 /* AppDelegate.swift */ = {isa = PBXFileReference; lastKnownFileType = sourcecode.swift; path = AppDelegate.swift; sourceTree = "<group>"; };
		ACEDE3C42807FE620081EAB0 /* SceneDelegate.swift */ = {isa = PBXFileReference; lastKnownFileType = sourcecode.swift; path = SceneDelegate.swift; sourceTree = "<group>"; };
		ACEDE3C62807FE620081EAB0 /* ViewController.swift */ = {isa = PBXFileReference; lastKnownFileType = sourcecode.swift; path = ViewController.swift; sourceTree = "<group>"; };
		ACEDE3C92807FE620081EAB0 /* Base */ = {isa = PBXFileReference; lastKnownFileType = file.storyboard; name = Base; path = Base.lproj/Main.storyboard; sourceTree = "<group>"; };
		ACEDE3CB2807FE640081EAB0 /* Assets.xcassets */ = {isa = PBXFileReference; lastKnownFileType = folder.assetcatalog; path = Assets.xcassets; sourceTree = "<group>"; };
		ACEDE3CE2807FE640081EAB0 /* Base */ = {isa = PBXFileReference; lastKnownFileType = file.storyboard; name = Base; path = Base.lproj/LaunchScreen.storyboard; sourceTree = "<group>"; };
		ACEDE3D02807FE640081EAB0 /* Info.plist */ = {isa = PBXFileReference; lastKnownFileType = text.plist.xml; path = Info.plist; sourceTree = "<group>"; };
		ACEDE3D52807FE640081EAB0 /* ProtocolTests.xctest */ = {isa = PBXFileReference; explicitFileType = wrapper.cfbundle; includeInIndex = 0; path = ProtocolTests.xctest; sourceTree = BUILT_PRODUCTS_DIR; };
		ACEDE3D92807FE640081EAB0 /* ProtocolTests.swift */ = {isa = PBXFileReference; lastKnownFileType = sourcecode.swift; path = ProtocolTests.swift; sourceTree = "<group>"; };
		ACEDE3DF2807FE640081EAB0 /* ProtocolUITests.xctest */ = {isa = PBXFileReference; explicitFileType = wrapper.cfbundle; includeInIndex = 0; path = ProtocolUITests.xctest; sourceTree = BUILT_PRODUCTS_DIR; };
		ACEDE3E32807FE640081EAB0 /* ProtocolUITests.swift */ = {isa = PBXFileReference; lastKnownFileType = sourcecode.swift; path = ProtocolUITests.swift; sourceTree = "<group>"; };
		ACEDE3E52807FE640081EAB0 /* ProtocolUITestsLaunchTests.swift */ = {isa = PBXFileReference; lastKnownFileType = sourcecode.swift; path = ProtocolUITestsLaunchTests.swift; sourceTree = "<group>"; };
/* End PBXFileReference section */

/* Begin PBXFrameworksBuildPhase section */
		ACEDE3BC2807FE620081EAB0 /* Frameworks */ = {
			isa = PBXFrameworksBuildPhase;
			buildActionMask = 2147483647;
			files = (
			);
			runOnlyForDeploymentPostprocessing = 0;
		};
		ACEDE3D22807FE640081EAB0 /* Frameworks */ = {
			isa = PBXFrameworksBuildPhase;
			buildActionMask = 2147483647;
			files = (
			);
			runOnlyForDeploymentPostprocessing = 0;
		};
		ACEDE3DC2807FE640081EAB0 /* Frameworks */ = {
			isa = PBXFrameworksBuildPhase;
			buildActionMask = 2147483647;
			files = (
			);
			runOnlyForDeploymentPostprocessing = 0;
		};
/* End PBXFrameworksBuildPhase section */

/* Begin PBXGroup section */
		ACEDE3B62807FE620081EAB0 = {
			isa = PBXGroup;
			children = (
				ACEDE3C12807FE620081EAB0 /* Protocol */,
				ACEDE3D82807FE640081EAB0 /* ProtocolTests */,
				ACEDE3E22807FE640081EAB0 /* ProtocolUITests */,
				ACEDE3C02807FE620081EAB0 /* Products */,
			);
			sourceTree = "<group>";
		};
		ACEDE3C02807FE620081EAB0 /* Products */ = {
			isa = PBXGroup;
			children = (
				ACEDE3BF2807FE620081EAB0 /* Protocol.app */,
				ACEDE3D52807FE640081EAB0 /* ProtocolTests.xctest */,
				ACEDE3DF2807FE640081EAB0 /* ProtocolUITests.xctest */,
			);
			name = Products;
			sourceTree = "<group>";
		};
		ACEDE3C12807FE620081EAB0 /* Protocol */ = {
			isa = PBXGroup;
			children = (
				ACEDE3C22807FE620081EAB0 /* AppDelegate.swift */,
				ACEDE3C42807FE620081EAB0 /* SceneDelegate.swift */,
				ACEDE3C62807FE620081EAB0 /* ViewController.swift */,
				ACEDE3C82807FE620081EAB0 /* Main.storyboard */,
				ACEDE3CB2807FE640081EAB0 /* Assets.xcassets */,
				ACEDE3CD2807FE640081EAB0 /* LaunchScreen.storyboard */,
				ACEDE3D02807FE640081EAB0 /* Info.plist */,
			);
			path = Protocol;
			sourceTree = "<group>";
		};
		ACEDE3D82807FE640081EAB0 /* ProtocolTests */ = {
			isa = PBXGroup;
			children = (
				ACEDE3D92807FE640081EAB0 /* ProtocolTests.swift */,
			);
			path = ProtocolTests;
			sourceTree = "<group>";
		};
		ACEDE3E22807FE640081EAB0 /* ProtocolUITests */ = {
			isa = PBXGroup;
			children = (
				ACEDE3E32807FE640081EAB0 /* ProtocolUITests.swift */,
				ACEDE3E52807FE640081EAB0 /* ProtocolUITestsLaunchTests.swift */,
			);
			path = ProtocolUITests;
			sourceTree = "<group>";
		};
/* End PBXGroup section */

/* Begin PBXNativeTarget section */
		ACEDE3BE2807FE620081EAB0 /* Protocol */ = {
			isa = PBXNativeTarget;
			buildConfigurationList = ACEDE3E92807FE640081EAB0 /* Build configuration list for PBXNativeTarget "Protocol" */;
			buildPhases = (
				ACEDE3BB2807FE620081EAB0 /* Sources */,
				ACEDE3BC2807FE620081EAB0 /* Frameworks */,
				ACEDE3BD2807FE620081EAB0 /* Resources */,
			);
			buildRules = (
			);
			dependencies = (
			);
			name = Protocol;
			productName = Protocol;
			productReference = ACEDE3BF2807FE620081EAB0 /* Protocol.app */;
			productType = "com.apple.product-type.application";
		};
		ACEDE3D42807FE640081EAB0 /* ProtocolTests */ = {
			isa = PBXNativeTarget;
			buildConfigurationList = ACEDE3EC2807FE640081EAB0 /* Build configuration list for PBXNativeTarget "ProtocolTests" */;
			buildPhases = (
				ACEDE3D12807FE640081EAB0 /* Sources */,
				ACEDE3D22807FE640081EAB0 /* Frameworks */,
				ACEDE3D32807FE640081EAB0 /* Resources */,
			);
			buildRules = (
			);
			dependencies = (
				ACEDE3D72807FE640081EAB0 /* PBXTargetDependency */,
			);
			name = ProtocolTests;
			productName = ProtocolTests;
			productReference = ACEDE3D52807FE640081EAB0 /* ProtocolTests.xctest */;
			productType = "com.apple.product-type.bundle.unit-test";
		};
		ACEDE3DE2807FE640081EAB0 /* ProtocolUITests */ = {
			isa = PBXNativeTarget;
			buildConfigurationList = ACEDE3EF2807FE640081EAB0 /* Build configuration list for PBXNativeTarget "ProtocolUITests" */;
			buildPhases = (
				ACEDE3DB2807FE640081EAB0 /* Sources */,
				ACEDE3DC2807FE640081EAB0 /* Frameworks */,
				ACEDE3DD2807FE640081EAB0 /* Resources */,
			);
			buildRules = (
			);
			dependencies = (
				ACEDE3E12807FE640081EAB0 /* PBXTargetDependency */,
			);
			name = ProtocolUITests;
			productName = ProtocolUITests;
			productReference = ACEDE3DF2807FE640081EAB0 /* ProtocolUITests.xctest */;
			productType = "com.apple.product-type.bundle.ui-testing";
		};
/* End PBXNativeTarget section */

/* Begin PBXProject section */
		ACEDE3B72807FE620081EAB0 /* Project object */ = {
			isa = PBXProject;
			attributes = {
				BuildIndependentTargetsInParallel = 1;
				LastSwiftUpdateCheck = 1320;
				LastUpgradeCheck = 1320;
				TargetAttributes = {
					ACEDE3BE2807FE620081EAB0 = {
						CreatedOnToolsVersion = 13.2.1;
					};
					ACEDE3D42807FE640081EAB0 = {
						CreatedOnToolsVersion = 13.2.1;
						TestTargetID = ACEDE3BE2807FE620081EAB0;
					};
					ACEDE3DE2807FE640081EAB0 = {
						CreatedOnToolsVersion = 13.2.1;
						TestTargetID = ACEDE3BE2807FE620081EAB0;
					};
				};
			};
			buildConfigurationList = ACEDE3BA2807FE620081EAB0 /* Build configuration list for PBXProject "Protocol" */;
			compatibilityVersion = "Xcode 13.0";
			developmentRegion = en;
			hasScannedForEncodings = 0;
			knownRegions = (
				en,
				Base,
			);
			mainGroup = ACEDE3B62807FE620081EAB0;
			productRefGroup = ACEDE3C02807FE620081EAB0 /* Products */;
			projectDirPath = "";
			projectRoot = "";
			targets = (
				ACEDE3BE2807FE620081EAB0 /* Protocol */,
				ACEDE3D42807FE640081EAB0 /* ProtocolTests */,
				ACEDE3DE2807FE640081EAB0 /* ProtocolUITests */,
			);
		};
/* End PBXProject section */

/* Begin PBXResourcesBuildPhase section */
		ACEDE3BD2807FE620081EAB0 /* Resources */ = {
			isa = PBXResourcesBuildPhase;
			buildActionMask = 2147483647;
			files = (
				ACEDE3CF2807FE640081EAB0 /* LaunchScreen.storyboard in Resources */,
				ACEDE3CC2807FE640081EAB0 /* Assets.xcassets in Resources */,
				ACEDE3CA2807FE620081EAB0 /* Main.storyboard in Resources */,
			);
			runOnlyForDeploymentPostprocessing = 0;
		};
		ACEDE3D32807FE640081EAB0 /* Resources */ = {
			isa = PBXResourcesBuildPhase;
			buildActionMask = 2147483647;
			files = (
			);
			runOnlyForDeploymentPostprocessing = 0;
		};
		ACEDE3DD2807FE640081EAB0 /* Resources */ = {
			isa = PBXResourcesBuildPhase;
			buildActionMask = 2147483647;
			files = (
			);
			runOnlyForDeploymentPostprocessing = 0;
		};
/* End PBXResourcesBuildPhase section */

/* Begin PBXSourcesBuildPhase section */
		ACEDE3BB2807FE620081EAB0 /* Sources */ = {
			isa = PBXSourcesBuildPhase;
			buildActionMask = 2147483647;
			files = (
				ACEDE3C72807FE620081EAB0 /* ViewController.swift in Sources */,
				ACEDE3C32807FE620081EAB0 /* AppDelegate.swift in Sources */,
				ACEDE3C52807FE620081EAB0 /* SceneDelegate.swift in Sources */,
			);
			runOnlyForDeploymentPostprocessing = 0;
		};
		ACEDE3D12807FE640081EAB0 /* Sources */ = {
			isa = PBXSourcesBuildPhase;
			buildActionMask = 2147483647;
			files = (
				ACEDE3DA2807FE640081EAB0 /* ProtocolTests.swift in Sources */,
			);
			runOnlyForDeploymentPostprocessing = 0;
		};
		ACEDE3DB2807FE640081EAB0 /* Sources */ = {
			isa = PBXSourcesBuildPhase;
			buildActionMask = 2147483647;
			files = (
				ACEDE3E62807FE640081EAB0 /* ProtocolUITestsLaunchTests.swift in Sources */,
				ACEDE3E42807FE640081EAB0 /* ProtocolUITests.swift in Sources */,
			);
			runOnlyForDeploymentPostprocessing = 0;
		};
/* End PBXSourcesBuildPhase section */

/* Begin PBXTargetDependency section */
		ACEDE3D72807FE640081EAB0 /* PBXTargetDependency */ = {
			isa = PBXTargetDependency;
			target = ACEDE3BE2807FE620081EAB0 /* Protocol */;
			targetProxy = ACEDE3D62807FE640081EAB0 /* PBXContainerItemProxy */;
		};
		ACEDE3E12807FE640081EAB0 /* PBXTargetDependency */ = {
			isa = PBXTargetDependency;
			target = ACEDE3BE2807FE620081EAB0 /* Protocol */;
			targetProxy = ACEDE3E02807FE640081EAB0 /* PBXContainerItemProxy */;
		};
/* End PBXTargetDependency section */

/* Begin PBXVariantGroup section */
		ACEDE3C82807FE620081EAB0 /* Main.storyboard */ = {
			isa = PBXVariantGroup;
			children = (
				ACEDE3C92807FE620081EAB0 /* Base */,
			);
			name = Main.storyboard;
			sourceTree = "<group>";
		};
		ACEDE3CD2807FE640081EAB0 /* LaunchScreen.storyboard */ = {
			isa = PBXVariantGroup;
			children = (
				ACEDE3CE2807FE640081EAB0 /* Base */,
			);
			name = LaunchScreen.storyboard;
			sourceTree = "<group>";
		};
/* End PBXVariantGroup section */

/* Begin XCBuildConfiguration section */
		ACEDE3E72807FE640081EAB0 /* Debug */ = {
			isa = XCBuildConfiguration;
			buildSettings = {
				ALWAYS_SEARCH_USER_PATHS = NO;
				CLANG_ANALYZER_NONNULL = YES;
				CLANG_ANALYZER_NUMBER_OBJECT_CONVERSION = YES_AGGRESSIVE;
				CLANG_CXX_LANGUAGE_STANDARD = "gnu++17";
				CLANG_CXX_LIBRARY = "libc++";
				CLANG_ENABLE_MODULES = YES;
				CLANG_ENABLE_OBJC_ARC = YES;
				CLANG_ENABLE_OBJC_WEAK = YES;
				CLANG_WARN_BLOCK_CAPTURE_AUTORELEASING = YES;
				CLANG_WARN_BOOL_CONVERSION = YES;
				CLANG_WARN_COMMA = YES;
				CLANG_WARN_CONSTANT_CONVERSION = YES;
				CLANG_WARN_DEPRECATED_OBJC_IMPLEMENTATIONS = YES;
				CLANG_WARN_DIRECT_OBJC_ISA_USAGE = YES_ERROR;
				CLANG_WARN_DOCUMENTATION_COMMENTS = YES;
				CLANG_WARN_EMPTY_BODY = YES;
				CLANG_WARN_ENUM_CONVERSION = YES;
				CLANG_WARN_INFINITE_RECURSION = YES;
				CLANG_WARN_INT_CONVERSION = YES;
				CLANG_WARN_NON_LITERAL_NULL_CONVERSION = YES;
				CLANG_WARN_OBJC_IMPLICIT_RETAIN_SELF = YES;
				CLANG_WARN_OBJC_LITERAL_CONVERSION = YES;
				CLANG_WARN_OBJC_ROOT_CLASS = YES_ERROR;
				CLANG_WARN_QUOTED_INCLUDE_IN_FRAMEWORK_HEADER = YES;
				CLANG_WARN_RANGE_LOOP_ANALYSIS = YES;
				CLANG_WARN_STRICT_PROTOTYPES = YES;
				CLANG_WARN_SUSPICIOUS_MOVE = YES;
				CLANG_WARN_UNGUARDED_AVAILABILITY = YES_AGGRESSIVE;
				CLANG_WARN_UNREACHABLE_CODE = YES;
				CLANG_WARN__DUPLICATE_METHOD_MATCH = YES;
				COPY_PHASE_STRIP = NO;
				DEBUG_INFORMATION_FORMAT = dwarf;
				ENABLE_STRICT_OBJC_MSGSEND = YES;
				ENABLE_TESTABILITY = YES;
				GCC_C_LANGUAGE_STANDARD = gnu11;
				GCC_DYNAMIC_NO_PIC = NO;
				GCC_NO_COMMON_BLOCKS = YES;
				GCC_OPTIMIZATION_LEVEL = 0;
				GCC_PREPROCESSOR_DEFINITIONS = (
					"DEBUG=1",
					"$(inherited)",
				);
				GCC_WARN_64_TO_32_BIT_CONVERSION = YES;
				GCC_WARN_ABOUT_RETURN_TYPE = YES_ERROR;
				GCC_WARN_UNDECLARED_SELECTOR = YES;
				GCC_WARN_UNINITIALIZED_AUTOS = YES_AGGRESSIVE;
				GCC_WARN_UNUSED_FUNCTION = YES;
				GCC_WARN_UNUSED_VARIABLE = YES;
				IPHONEOS_DEPLOYMENT_TARGET = 15.2;
				MTL_ENABLE_DEBUG_INFO = INCLUDE_SOURCE;
				MTL_FAST_MATH = YES;
				ONLY_ACTIVE_ARCH = YES;
				SDKROOT = iphoneos;
				SWIFT_ACTIVE_COMPILATION_CONDITIONS = DEBUG;
				SWIFT_OPTIMIZATION_LEVEL = "-Onone";
			};
			name = Debug;
		};
		ACEDE3E82807FE640081EAB0 /* Release */ = {
			isa = XCBuildConfiguration;
			buildSettings = {
				ALWAYS_SEARCH_USER_PATHS = NO;
				CLANG_ANALYZER_NONNULL = YES;
				CLANG_ANALYZER_NUMBER_OBJECT_CONVERSION = YES_AGGRESSIVE;
				CLANG_CXX_LANGUAGE_STANDARD = "gnu++17";
				CLANG_CXX_LIBRARY = "libc++";
				CLANG_ENABLE_MODULES = YES;
				CLANG_ENABLE_OBJC_ARC = YES;
				CLANG_ENABLE_OBJC_WEAK = YES;
				CLANG_WARN_BLOCK_CAPTURE_AUTORELEASING = YES;
				CLANG_WARN_BOOL_CONVERSION = YES;
				CLANG_WARN_COMMA = YES;
				CLANG_WARN_CONSTANT_CONVERSION = YES;
				CLANG_WARN_DEPRECATED_OBJC_IMPLEMENTATIONS = YES;
				CLANG_WARN_DIRECT_OBJC_ISA_USAGE = YES_ERROR;
				CLANG_WARN_DOCUMENTATION_COMMENTS = YES;
				CLANG_WARN_EMPTY_BODY = YES;
				CLANG_WARN_ENUM_CONVERSION = YES;
				CLANG_WARN_INFINITE_RECURSION = YES;
				CLANG_WARN_INT_CONVERSION = YES;
				CLANG_WARN_NON_LITERAL_NULL_CONVERSION = YES;
				CLANG_WARN_OBJC_IMPLICIT_RETAIN_SELF = YES;
				CLANG_WARN_OBJC_LITERAL_CONVERSION = YES;
				CLANG_WARN_OBJC_ROOT_CLASS = YES_ERROR;
				CLANG_WARN_QUOTED_INCLUDE_IN_FRAMEWORK_HEADER = YES;
				CLANG_WARN_RANGE_LOOP_ANALYSIS = YES;
				CLANG_WARN_STRICT_PROTOTYPES = YES;
				CLANG_WARN_SUSPICIOUS_MOVE = YES;
				CLANG_WARN_UNGUARDED_AVAILABILITY = YES_AGGRESSIVE;
				CLANG_WARN_UNREACHABLE_CODE = YES;
				CLANG_WARN__DUPLICATE_METHOD_MATCH = YES;
				COPY_PHASE_STRIP = NO;
				DEBUG_INFORMATION_FORMAT = "dwarf-with-dsym";
				ENABLE_NS_ASSERTIONS = NO;
				ENABLE_STRICT_OBJC_MSGSEND = YES;
				GCC_C_LANGUAGE_STANDARD = gnu11;
				GCC_NO_COMMON_BLOCKS = YES;
				GCC_WARN_64_TO_32_BIT_CONVERSION = YES;
				GCC_WARN_ABOUT_RETURN_TYPE = YES_ERROR;
				GCC_WARN_UNDECLARED_SELECTOR = YES;
				GCC_WARN_UNINITIALIZED_AUTOS = YES_AGGRESSIVE;
				GCC_WARN_UNUSED_FUNCTION = YES;
				GCC_WARN_UNUSED_VARIABLE = YES;
				IPHONEOS_DEPLOYMENT_TARGET = 15.2;
				MTL_ENABLE_DEBUG_INFO = NO;
				MTL_FAST_MATH = YES;
				SDKROOT = iphoneos;
				SWIFT_COMPILATION_MODE = wholemodule;
				SWIFT_OPTIMIZATION_LEVEL = "-O";
				VALIDATE_PRODUCT = YES;
			};
			name = Release;
		};
		ACEDE3EA2807FE640081EAB0 /* Debug */ = {
			isa = XCBuildConfiguration;
			buildSettings = {
				ASSETCATALOG_COMPILER_APPICON_NAME = AppIcon;
				ASSETCATALOG_COMPILER_GLOBAL_ACCENT_COLOR_NAME = AccentColor;
				CODE_SIGN_STYLE = Automatic;
				CURRENT_PROJECT_VERSION = 1;
				GENERATE_INFOPLIST_FILE = YES;
				INFOPLIST_FILE = Protocol/Info.plist;
				INFOPLIST_KEY_UIApplicationSupportsIndirectInputEvents = YES;
				INFOPLIST_KEY_UILaunchStoryboardName = LaunchScreen;
				INFOPLIST_KEY_UIMainStoryboardFile = Main;
				INFOPLIST_KEY_UISupportedInterfaceOrientations_iPad = "UIInterfaceOrientationPortrait UIInterfaceOrientationPortraitUpsideDown UIInterfaceOrientationLandscapeLeft UIInterfaceOrientationLandscapeRight";
				INFOPLIST_KEY_UISupportedInterfaceOrientations_iPhone = "UIInterfaceOrientationPortrait UIInterfaceOrientationLandscapeLeft UIInterfaceOrientationLandscapeRight";
				LD_RUNPATH_SEARCH_PATHS = (
					"$(inherited)",
					"@executable_path/Frameworks",
				);
				MARKETING_VERSION = 1.0;
				PRODUCT_BUNDLE_IDENTIFIER = hola.Protocol;
				PRODUCT_NAME = "$(TARGET_NAME)";
				SWIFT_EMIT_LOC_STRINGS = YES;
				SWIFT_VERSION = 5.0;
				TARGETED_DEVICE_FAMILY = "1,2";
			};
			name = Debug;
		};
		ACEDE3EB2807FE640081EAB0 /* Release */ = {
			isa = XCBuildConfiguration;
			buildSettings = {
				ASSETCATALOG_COMPILER_APPICON_NAME = AppIcon;
				ASSETCATALOG_COMPILER_GLOBAL_ACCENT_COLOR_NAME = AccentColor;
				CODE_SIGN_STYLE = Automatic;
				CURRENT_PROJECT_VERSION = 1;
				GENERATE_INFOPLIST_FILE = YES;
				INFOPLIST_FILE = Protocol/Info.plist;
				INFOPLIST_KEY_UIApplicationSupportsIndirectInputEvents = YES;
				INFOPLIST_KEY_UILaunchStoryboardName = LaunchScreen;
				INFOPLIST_KEY_UIMainStoryboardFile = Main;
				INFOPLIST_KEY_UISupportedInterfaceOrientations_iPad = "UIInterfaceOrientationPortrait UIInterfaceOrientationPortraitUpsideDown UIInterfaceOrientationLandscapeLeft UIInterfaceOrientationLandscapeRight";
				INFOPLIST_KEY_UISupportedInterfaceOrientations_iPhone = "UIInterfaceOrientationPortrait UIInterfaceOrientationLandscapeLeft UIInterfaceOrientationLandscapeRight";
				LD_RUNPATH_SEARCH_PATHS = (
					"$(inherited)",
					"@executable_path/Frameworks",
				);
				MARKETING_VERSION = 1.0;
				PRODUCT_BUNDLE_IDENTIFIER = hola.Protocol;
				PRODUCT_NAME = "$(TARGET_NAME)";
				SWIFT_EMIT_LOC_STRINGS = YES;
				SWIFT_VERSION = 5.0;
				TARGETED_DEVICE_FAMILY = "1,2";
			};
			name = Release;
		};
		ACEDE3ED2807FE640081EAB0 /* Debug */ = {
			isa = XCBuildConfiguration;
			buildSettings = {
				ALWAYS_EMBED_SWIFT_STANDARD_LIBRARIES = YES;
				BUNDLE_LOADER = "$(TEST_HOST)";
				CODE_SIGN_STYLE = Automatic;
				CURRENT_PROJECT_VERSION = 1;
				GENERATE_INFOPLIST_FILE = YES;
				IPHONEOS_DEPLOYMENT_TARGET = 15.2;
				MARKETING_VERSION = 1.0;
				PRODUCT_BUNDLE_IDENTIFIER = hola.ProtocolTests;
				PRODUCT_NAME = "$(TARGET_NAME)";
				SWIFT_EMIT_LOC_STRINGS = NO;
				SWIFT_VERSION = 5.0;
				TARGETED_DEVICE_FAMILY = "1,2";
				TEST_HOST = "$(BUILT_PRODUCTS_DIR)/Protocol.app/Protocol";
			};
			name = Debug;
		};
		ACEDE3EE2807FE640081EAB0 /* Release */ = {
			isa = XCBuildConfiguration;
			buildSettings = {
				ALWAYS_EMBED_SWIFT_STANDARD_LIBRARIES = YES;
				BUNDLE_LOADER = "$(TEST_HOST)";
				CODE_SIGN_STYLE = Automatic;
				CURRENT_PROJECT_VERSION = 1;
				GENERATE_INFOPLIST_FILE = YES;
				IPHONEOS_DEPLOYMENT_TARGET = 15.2;
				MARKETING_VERSION = 1.0;
				PRODUCT_BUNDLE_IDENTIFIER = hola.ProtocolTests;
				PRODUCT_NAME = "$(TARGET_NAME)";
				SWIFT_EMIT_LOC_STRINGS = NO;
				SWIFT_VERSION = 5.0;
				TARGETED_DEVICE_FAMILY = "1,2";
				TEST_HOST = "$(BUILT_PRODUCTS_DIR)/Protocol.app/Protocol";
			};
			name = Release;
		};
		ACEDE3F02807FE640081EAB0 /* Debug */ = {
			isa = XCBuildConfiguration;
			buildSettings = {
				ALWAYS_EMBED_SWIFT_STANDARD_LIBRARIES = YES;
				CODE_SIGN_STYLE = Automatic;
				CURRENT_PROJECT_VERSION = 1;
				GENERATE_INFOPLIST_FILE = YES;
				MARKETING_VERSION = 1.0;
				PRODUCT_BUNDLE_IDENTIFIER = hola.ProtocolUITests;
				PRODUCT_NAME = "$(TARGET_NAME)";
				SWIFT_EMIT_LOC_STRINGS = NO;
				SWIFT_VERSION = 5.0;
				TARGETED_DEVICE_FAMILY = "1,2";
				TEST_TARGET_NAME = Protocol;
			};
			name = Debug;
		};
		ACEDE3F12807FE640081EAB0 /* Release */ = {
			isa = XCBuildConfiguration;
			buildSettings = {
				ALWAYS_EMBED_SWIFT_STANDARD_LIBRARIES = YES;
				CODE_SIGN_STYLE = Automatic;
				CURRENT_PROJECT_VERSION = 1;
				GENERATE_INFOPLIST_FILE = YES;
				MARKETING_VERSION = 1.0;
				PRODUCT_BUNDLE_IDENTIFIER = hola.ProtocolUITests;
				PRODUCT_NAME = "$(TARGET_NAME)";
				SWIFT_EMIT_LOC_STRINGS = NO;
				SWIFT_VERSION = 5.0;
				TARGETED_DEVICE_FAMILY = "1,2";
				TEST_TARGET_NAME = Protocol;
			};
			name = Release;
		};
/* End XCBuildConfiguration section */

/* Begin XCConfigurationList section */
		ACEDE3BA2807FE620081EAB0 /* Build configuration list for PBXProject "Protocol" */ = {
			isa = XCConfigurationList;
			buildConfigurations = (
				ACEDE3E72807FE640081EAB0 /* Debug */,
				ACEDE3E82807FE640081EAB0 /* Release */,
			);
			defaultConfigurationIsVisible = 0;
			defaultConfigurationName = Release;
		};
		ACEDE3E92807FE640081EAB0 /* Build configuration list for PBXNativeTarget "Protocol" */ = {
			isa = XCConfigurationList;
			buildConfigurations = (
				ACEDE3EA2807FE640081EAB0 /* Debug */,
				ACEDE3EB2807FE640081EAB0 /* Release */,
			);
			defaultConfigurationIsVisible = 0;
			defaultConfigurationName = Release;
		};
		ACEDE3EC2807FE640081EAB0 /* Build configuration list for PBXNativeTarget "ProtocolTests" */ = {
			isa = XCConfigurationList;
			buildConfigurations = (
				ACEDE3ED2807FE640081EAB0 /* Debug */,
				ACEDE3EE2807FE640081EAB0 /* Release */,
			);
			defaultConfigurationIsVisible = 0;
			defaultConfigurationName = Release;
		};
		ACEDE3EF2807FE640081EAB0 /* Build configuration list for PBXNativeTarget "ProtocolUITests" */ = {
			isa = XCConfigurationList;
			buildConfigurations = (
				ACEDE3F02807FE640081EAB0 /* Debug */,
				ACEDE3F12807FE640081EAB0 /* Release */,
			);
			defaultConfigurationIsVisible = 0;
			defaultConfigurationName = Release;
		};
/* End XCConfigurationList section */
	};
	rootObject = ACEDE3B72807FE620081EAB0 /* Project object */;
}
